
Microsoft Visual Studio Solution File, Format Version 12.00
# Visual Studio Version 17
VisualStudioVersion = 17.0.31903.59
MinimumVisualStudioVersion = 10.0.40219.1
Project("{FAE04EC0-301F-11D3-BF4B-00C04F79EFBC}") = "Dominio", "Dominio\Dominio.csproj", "{C4C03A90-EFED-465F-A38F-E536CFB2686C}"
EndProject
Project("{FAE04EC0-301F-11D3-BF4B-00C04F79EFBC}") = "Persistencia", "Persistencia\Persistencia.csproj", "{EACA585D-5006-424F-BADB-D7B9ABE29695}"
EndProject
Project("{FAE04EC0-301F-11D3-BF4B-00C04F79EFBC}") = "Aplicacion", "Aplicacion\Aplicacion.csproj", "{D44BC8E0-F5CF-4353-82AC-2FE15BE246C7}"
EndProject
Project("{FAE04EC0-301F-11D3-BF4B-00C04F79EFBC}") = "ApiSicer", "ApiSicer\ApiSicer.csproj", "{706826FF-7F19-4565-9719-018743C74F3D}"
EndProject
Global
	GlobalSection(SolutionConfigurationPlatforms) = preSolution
		Debug|Any CPU = Debug|Any CPU
		Release|Any CPU = Release|Any CPU
	EndGlobalSection
	GlobalSection(SolutionProperties) = preSolution
		HideSolutionNode = FALSE
	EndGlobalSection
	GlobalSection(ProjectConfigurationPlatforms) = postSolution
		{C4C03A90-EFED-465F-A38F-E536CFB2686C}.Debug|Any CPU.ActiveCfg = Debug|Any CPU
		{C4C03A90-EFED-465F-A38F-E536CFB2686C}.Debug|Any CPU.Build.0 = Debug|Any CPU
		{C4C03A90-EFED-465F-A38F-E536CFB2686C}.Release|Any CPU.ActiveCfg = Release|Any CPU
		{C4C03A90-EFED-465F-A38F-E536CFB2686C}.Release|Any CPU.Build.0 = Release|Any CPU
		{EACA585D-5006-424F-BADB-D7B9ABE29695}.Debug|Any CPU.ActiveCfg = Debug|Any CPU
		{EACA585D-5006-424F-BADB-D7B9ABE29695}.Debug|Any CPU.Build.0 = Debug|Any CPU
		{EACA585D-5006-424F-BADB-D7B9ABE29695}.Release|Any CPU.ActiveCfg = Release|Any CPU
		{EACA585D-5006-424F-BADB-D7B9ABE29695}.Release|Any CPU.Build.0 = Release|Any CPU
		{D44BC8E0-F5CF-4353-82AC-2FE15BE246C7}.Debug|Any CPU.ActiveCfg = Debug|Any CPU
		{D44BC8E0-F5CF-4353-82AC-2FE15BE246C7}.Debug|Any CPU.Build.0 = Debug|Any CPU
		{D44BC8E0-F5CF-4353-82AC-2FE15BE246C7}.Release|Any CPU.ActiveCfg = Release|Any CPU
		{D44BC8E0-F5CF-4353-82AC-2FE15BE246C7}.Release|Any CPU.Build.0 = Release|Any CPU
		{706826FF-7F19-4565-9719-018743C74F3D}.Debug|Any CPU.ActiveCfg = Debug|Any CPU
		{706826FF-7F19-4565-9719-018743C74F3D}.Debug|Any CPU.Build.0 = Debug|Any CPU
		{706826FF-7F19-4565-9719-018743C74F3D}.Release|Any CPU.ActiveCfg = Release|Any CPU
		{706826FF-7F19-4565-9719-018743C74F3D}.Release|Any CPU.Build.0 = Release|Any CPU
	EndGlobalSection
EndGlobal
